
Microsoft Visual Studio Solution File, Format Version 12.00
# Visual Studio Version 16
VisualStudioVersion = 16.0.31605.320
MinimumVisualStudioVersion = 10.0.40219.1
Project("{FAE04EC0-301F-11D3-BF4B-00C04F79EFBC}") = "JobScheduler", "JobScheduler\JobScheduler.csproj", "{140723BD-6ED1-42AA-B3EE-05F5EE4205F0}"
EndProject
Project("{FAE04EC0-301F-11D3-BF4B-00C04F79EFBC}") = "AzureDevopsDataInsertionJob.Job.Interface", "AzureDevopsDataInsertionJob.Job.Interface\AzureDevopsDataInsertionJob.Job.Interface.csproj", "{95438530-7A63-4D99-87FF-C375EAE63614}"
EndProject
Global
	GlobalSection(SolutionConfigurationPlatforms) = preSolution
		Debug|Any CPU = Debug|Any CPU
		Release|Any CPU = Release|Any CPU
	EndGlobalSection
	GlobalSection(ProjectConfigurationPlatforms) = postSolution
		{140723BD-6ED1-42AA-B3EE-05F5EE4205F0}.Debug|Any CPU.ActiveCfg = Debug|Any CPU
		{140723BD-6ED1-42AA-B3EE-05F5EE4205F0}.Debug|Any CPU.Build.0 = Debug|Any CPU
		{140723BD-6ED1-42AA-B3EE-05F5EE4205F0}.Release|Any CPU.ActiveCfg = Release|Any CPU
		{140723BD-6ED1-42AA-B3EE-05F5EE4205F0}.Release|Any CPU.Build.0 = Release|Any CPU
		{95438530-7A63-4D99-87FF-C375EAE63614}.Debug|Any CPU.ActiveCfg = Debug|Any CPU
		{95438530-7A63-4D99-87FF-C375EAE63614}.Debug|Any CPU.Build.0 = Debug|Any CPU
		{95438530-7A63-4D99-87FF-C375EAE63614}.Release|Any CPU.ActiveCfg = Release|Any CPU
		{95438530-7A63-4D99-87FF-C375EAE63614}.Release|Any CPU.Build.0 = Release|Any CPU
	EndGlobalSection
	GlobalSection(SolutionProperties) = preSolution
		HideSolutionNode = FALSE
	EndGlobalSection
	GlobalSection(ExtensibilityGlobals) = postSolution
		SolutionGuid = {F9EEE442-87C8-4520-88D2-8B574DD8A5D6}
	EndGlobalSection
EndGlobal
